
Microsoft Visual Studio Solution File, Format Version 12.00
# Visual Studio Version 17
VisualStudioVersion = 17.5.33516.290
MinimumVisualStudioVersion = 10.0.40219.1
Project("{9A19103F-16F7-4668-BE54-9A1E7A4F7556}") = "BlackJack Game", "BlackJack Game\BlackJack Game.csproj", "{A81A8D2D-8860-49A8-A576-992E3FB34624}"
EndProject
Global
	GlobalSection(SolutionConfigurationPlatforms) = preSolution
		Debug|Any CPU = Debug|Any CPU
		Release|Any CPU = Release|Any CPU
	EndGlobalSection
	GlobalSection(ProjectConfigurationPlatforms) = postSolution
		{A81A8D2D-8860-49A8-A576-992E3FB34624}.Debug|Any CPU.ActiveCfg = Debug|Any CPU
		{A81A8D2D-8860-49A8-A576-992E3FB34624}.Debug|Any CPU.Build.0 = Debug|Any CPU
		{A81A8D2D-8860-49A8-A576-992E3FB34624}.Release|Any CPU.ActiveCfg = Release|Any CPU
		{A81A8D2D-8860-49A8-A576-992E3FB34624}.Release|Any CPU.Build.0 = Release|Any CPU
	EndGlobalSection
	GlobalSection(SolutionProperties) = preSolution
		HideSolutionNode = FALSE
	EndGlobalSection
	GlobalSection(ExtensibilityGlobals) = postSolution
		SolutionGuid = {BEEF5343-39A9-459E-825A-F79B1A3BFB8A}
	EndGlobalSection
EndGlobal
